
Microsoft Visual Studio Solution File, Format Version 12.00
# Visual Studio Version 17
VisualStudioVersion = 17.0.32126.317
MinimumVisualStudioVersion = 10.0.40219.1
Project("{FAE04EC0-301F-11D3-BF4B-00C04F79EFBC}") = "DfTest", "DfTest\DfTest.csproj", "{DE423AA6-BA00-4090-A6DE-F59263E2F4EE}"
EndProject
Global
	GlobalSection(SolutionConfigurationPlatforms) = preSolution
		Debug|Any CPU = Debug|Any CPU
		Release|Any CPU = Release|Any CPU
	EndGlobalSection
	GlobalSection(ProjectConfigurationPlatforms) = postSolution
		{DE423AA6-BA00-4090-A6DE-F59263E2F4EE}.Debug|Any CPU.ActiveCfg = Debug|Any CPU
		{DE423AA6-BA00-4090-A6DE-F59263E2F4EE}.Debug|Any CPU.Build.0 = Debug|Any CPU
		{DE423AA6-BA00-4090-A6DE-F59263E2F4EE}.Release|Any CPU.ActiveCfg = Release|Any CPU
		{DE423AA6-BA00-4090-A6DE-F59263E2F4EE}.Release|Any CPU.Build.0 = Release|Any CPU
	EndGlobalSection
	GlobalSection(SolutionProperties) = preSolution
		HideSolutionNode = FALSE
	EndGlobalSection
	GlobalSection(ExtensibilityGlobals) = postSolution
		SolutionGuid = {5C389E0B-8F76-4259-B538-B38E2CF7EFE8}
	EndGlobalSection
EndGlobal
